// !$*UTF8*$!
{
	archiveVersion = 1;
	classes = {
	};
	objectVersion = 55;
	objects = {

/* Begin PBXBuildFile section */
		0846C4F728AFF261007BFDE7 /* AppDelegate.swift in Sources */ = {isa = PBXBuildFile; fileRef = 0846C4F628AFF261007BFDE7 /* AppDelegate.swift */; };
		0846C4F928AFF261007BFDE7 /* SceneDelegate.swift in Sources */ = {isa = PBXBuildFile; fileRef = 0846C4F828AFF261007BFDE7 /* SceneDelegate.swift */; };
		0846C4FB28AFF261007BFDE7 /* SignUpVC.swift in Sources */ = {isa = PBXBuildFile; fileRef = 0846C4FA28AFF261007BFDE7 /* SignUpVC.swift */; };
		0846C4FE28AFF261007BFDE7 /* Main.storyboard in Resources */ = {isa = PBXBuildFile; fileRef = 0846C4FC28AFF261007BFDE7 /* Main.storyboard */; };
		0846C50028AFF264007BFDE7 /* Assets.xcassets in Resources */ = {isa = PBXBuildFile; fileRef = 0846C4FF28AFF264007BFDE7 /* Assets.xcassets */; };
		0846C50328AFF264007BFDE7 /* LaunchScreen.storyboard in Resources */ = {isa = PBXBuildFile; fileRef = 0846C50128AFF264007BFDE7 /* LaunchScreen.storyboard */; };
		0846C50C28AFF481007BFDE7 /* ParseSwift in Frameworks */ = {isa = PBXBuildFile; productRef = 0846C50B28AFF481007BFDE7 /* ParseSwift */; };
		0846C51128B005FF007BFDE7 /* PlacesViewController.swift in Sources */ = {isa = PBXBuildFile; fileRef = 0846C51028B005FF007BFDE7 /* PlacesViewController.swift */; };
		0861936D28B017C100688A97 /* AddPlaceViewController.swift in Sources */ = {isa = PBXBuildFile; fileRef = 0861936C28B017C100688A97 /* AddPlaceViewController.swift */; };
		0861936F28B01AD500688A97 /* MapViewController.swift in Sources */ = {isa = PBXBuildFile; fileRef = 0861936E28B01AD500688A97 /* MapViewController.swift */; };
		0875155328B021BE0027BAAF /* DetailsViewController.swift in Sources */ = {isa = PBXBuildFile; fileRef = 0875155228B021BE0027BAAF /* DetailsViewController.swift */; };
		0875155728B028030027BAAF /* PlaceModel.swift in Sources */ = {isa = PBXBuildFile; fileRef = 0875155628B028030027BAAF /* PlaceModel.swift */; };
		7A26C9CA047ED6D9B725758B /* Pods_PlacesVisitApp.framework in Frameworks */ = {isa = PBXBuildFile; fileRef = 727360ADBEA3232E0D2E5F0D /* Pods_PlacesVisitApp.framework */; };
/* End PBXBuildFile section */

/* Begin PBXFileReference section */
		0846C4F328AFF261007BFDE7 /* PlacesVisitApp.app */ = {isa = PBXFileReference; explicitFileType = wrapper.application; includeInIndex = 0; path = PlacesVisitApp.app; sourceTree = BUILT_PRODUCTS_DIR; };
		0846C4F628AFF261007BFDE7 /* AppDelegate.swift */ = {isa = PBXFileReference; lastKnownFileType = sourcecode.swift; path = AppDelegate.swift; sourceTree = "<group>"; };
		0846C4F828AFF261007BFDE7 /* SceneDelegate.swift */ = {isa = PBXFileReference; lastKnownFileType = sourcecode.swift; path = SceneDelegate.swift; sourceTree = "<group>"; };
		0846C4FA28AFF261007BFDE7 /* SignUpVC.swift */ = {isa = PBXFileReference; lastKnownFileType = sourcecode.swift; path = SignUpVC.swift; sourceTree = "<group>"; };
		0846C4FD28AFF261007BFDE7 /* Base */ = {isa = PBXFileReference; lastKnownFileType = file.storyboard; name = Base; path = Base.lproj/Main.storyboard; sourceTree = "<group>"; };
		0846C4FF28AFF264007BFDE7 /* Assets.xcassets */ = {isa = PBXFileReference; lastKnownFileType = folder.assetcatalog; path = Assets.xcassets; sourceTree = "<group>"; };
		0846C50228AFF264007BFDE7 /* Base */ = {isa = PBXFileReference; lastKnownFileType = file.storyboard; name = Base; path = Base.lproj/LaunchScreen.storyboard; sourceTree = "<group>"; };
		0846C50428AFF264007BFDE7 /* Info.plist */ = {isa = PBXFileReference; lastKnownFileType = text.plist.xml; path = Info.plist; sourceTree = "<group>"; };
		0846C51028B005FF007BFDE7 /* PlacesViewController.swift */ = {isa = PBXFileReference; lastKnownFileType = sourcecode.swift; path = PlacesViewController.swift; sourceTree = "<group>"; };
		0861936C28B017C100688A97 /* AddPlaceViewController.swift */ = {isa = PBXFileReference; lastKnownFileType = sourcecode.swift; path = AddPlaceViewController.swift; sourceTree = "<group>"; };
		0861936E28B01AD500688A97 /* MapViewController.swift */ = {isa = PBXFileReference; lastKnownFileType = sourcecode.swift; path = MapViewController.swift; sourceTree = "<group>"; };
		0875155228B021BE0027BAAF /* DetailsViewController.swift */ = {isa = PBXFileReference; lastKnownFileType = sourcecode.swift; path = DetailsViewController.swift; sourceTree = "<group>"; };
		0875155628B028030027BAAF /* PlaceModel.swift */ = {isa = PBXFileReference; lastKnownFileType = sourcecode.swift; path = PlaceModel.swift; sourceTree = "<group>"; };
		2D8851D5BC66DD0EF20D92E6 /* Pods-PlacesVisitApp.release.xcconfig */ = {isa = PBXFileReference; includeInIndex = 1; lastKnownFileType = text.xcconfig; name = "Pods-PlacesVisitApp.release.xcconfig"; path = "Target Support Files/Pods-PlacesVisitApp/Pods-PlacesVisitApp.release.xcconfig"; sourceTree = "<group>"; };
		41927C6B83B814FCD7A135DD /* Pods-PlacesVisitApp.debug.xcconfig */ = {isa = PBXFileReference; includeInIndex = 1; lastKnownFileType = text.xcconfig; name = "Pods-PlacesVisitApp.debug.xcconfig"; path = "Target Support Files/Pods-PlacesVisitApp/Pods-PlacesVisitApp.debug.xcconfig"; sourceTree = "<group>"; };
		727360ADBEA3232E0D2E5F0D /* Pods_PlacesVisitApp.framework */ = {isa = PBXFileReference; explicitFileType = wrapper.framework; includeInIndex = 0; path = Pods_PlacesVisitApp.framework; sourceTree = BUILT_PRODUCTS_DIR; };
/* End PBXFileReference section */

/* Begin PBXFrameworksBuildPhase section */
		0846C4F028AFF261007BFDE7 /* Frameworks */ = {
			isa = PBXFrameworksBuildPhase;
			buildActionMask = 2147483647;
			files = (
				0846C50C28AFF481007BFDE7 /* ParseSwift in Frameworks */,
				7A26C9CA047ED6D9B725758B /* Pods_PlacesVisitApp.framework in Frameworks */,
			);
			runOnlyForDeploymentPostprocessing = 0;
		};
/* End PBXFrameworksBuildPhase section */

/* Begin PBXGroup section */
		0846C4EA28AFF261007BFDE7 = {
			isa = PBXGroup;
			children = (
				0846C4F528AFF261007BFDE7 /* PlacesVisitApp */,
				0846C4F428AFF261007BFDE7 /* Products */,
				C9C355A1D626DF4EBF849929 /* Pods */,
				A8A93383DA454C03BA6DEB74 /* Frameworks */,
			);
			sourceTree = "<group>";
		};
		0846C4F428AFF261007BFDE7 /* Products */ = {
			isa = PBXGroup;
			children = (
				0846C4F328AFF261007BFDE7 /* PlacesVisitApp.app */,
			);
			name = Products;
			sourceTree = "<group>";
		};
		0846C4F528AFF261007BFDE7 /* PlacesVisitApp */ = {
			isa = PBXGroup;
			children = (
				0875155528B024820027BAAF /* Core */,
				0875155428B0246E0027BAAF /* ViewControllers */,
				0846C4FF28AFF264007BFDE7 /* Assets.xcassets */,
				0846C50428AFF264007BFDE7 /* Info.plist */,
				0875155628B028030027BAAF /* PlaceModel.swift */,
			);
			path = PlacesVisitApp;
			sourceTree = "<group>";
		};
		0875155428B0246E0027BAAF /* ViewControllers */ = {
			isa = PBXGroup;
			children = (
				0846C51028B005FF007BFDE7 /* PlacesViewController.swift */,
				0846C4FA28AFF261007BFDE7 /* SignUpVC.swift */,
				0861936C28B017C100688A97 /* AddPlaceViewController.swift */,
				0861936E28B01AD500688A97 /* MapViewController.swift */,
				0875155228B021BE0027BAAF /* DetailsViewController.swift */,
			);
			path = ViewControllers;
			sourceTree = "<group>";
		};
		0875155528B024820027BAAF /* Core */ = {
			isa = PBXGroup;
			children = (
				0846C4F628AFF261007BFDE7 /* AppDelegate.swift */,
				0846C4F828AFF261007BFDE7 /* SceneDelegate.swift */,
				0846C4FC28AFF261007BFDE7 /* Main.storyboard */,
				0846C50128AFF264007BFDE7 /* LaunchScreen.storyboard */,
			);
			path = Core;
			sourceTree = "<group>";
		};
		A8A93383DA454C03BA6DEB74 /* Frameworks */ = {
			isa = PBXGroup;
			children = (
				727360ADBEA3232E0D2E5F0D /* Pods_PlacesVisitApp.framework */,
			);
			name = Frameworks;
			sourceTree = "<group>";
		};
		C9C355A1D626DF4EBF849929 /* Pods */ = {
			isa = PBXGroup;
			children = (
				41927C6B83B814FCD7A135DD /* Pods-PlacesVisitApp.debug.xcconfig */,
				2D8851D5BC66DD0EF20D92E6 /* Pods-PlacesVisitApp.release.xcconfig */,
			);
			path = Pods;
			sourceTree = "<group>";
		};
/* End PBXGroup section */

/* Begin PBXNativeTarget section */
		0846C4F228AFF261007BFDE7 /* PlacesVisitApp */ = {
			isa = PBXNativeTarget;
			buildConfigurationList = 0846C50728AFF264007BFDE7 /* Build configuration list for PBXNativeTarget "PlacesVisitApp" */;
			buildPhases = (
				C080644A2DF0DCB0E57D8F74 /* [CP] Check Pods Manifest.lock */,
				0846C4EF28AFF261007BFDE7 /* Sources */,
				0846C4F028AFF261007BFDE7 /* Frameworks */,
				0846C4F128AFF261007BFDE7 /* Resources */,
				BDF8BCC953F795CA148823D9 /* [CP] Embed Pods Frameworks */,
			);
			buildRules = (
			);
			dependencies = (
			);
			name = PlacesVisitApp;
			packageProductDependencies = (
				0846C50B28AFF481007BFDE7 /* ParseSwift */,
			);
			productName = PlacesVisitApp;
			productReference = 0846C4F328AFF261007BFDE7 /* PlacesVisitApp.app */;
			productType = "com.apple.product-type.application";
		};
/* End PBXNativeTarget section */

/* Begin PBXProject section */
		0846C4EB28AFF261007BFDE7 /* Project object */ = {
			isa = PBXProject;
			attributes = {
				BuildIndependentTargetsInParallel = 1;
				LastSwiftUpdateCheck = 1330;
				LastUpgradeCheck = 1330;
				TargetAttributes = {
					0846C4F228AFF261007BFDE7 = {
						CreatedOnToolsVersion = 13.3;
					};
				};
			};
			buildConfigurationList = 0846C4EE28AFF261007BFDE7 /* Build configuration list for PBXProject "PlacesVisitApp" */;
			compatibilityVersion = "Xcode 13.0";
			developmentRegion = en;
			hasScannedForEncodings = 0;
			knownRegions = (
				en,
				Base,
			);
			mainGroup = 0846C4EA28AFF261007BFDE7;
			packageReferences = (
				0846C50A28AFF481007BFDE7 /* XCRemoteSwiftPackageReference "Parse-Swift" */,
			);
			productRefGroup = 0846C4F428AFF261007BFDE7 /* Products */;
			projectDirPath = "";
			projectRoot = "";
			targets = (
				0846C4F228AFF261007BFDE7 /* PlacesVisitApp */,
			);
		};
/* End PBXProject section */

/* Begin PBXResourcesBuildPhase section */
		0846C4F128AFF261007BFDE7 /* Resources */ = {
			isa = PBXResourcesBuildPhase;
			buildActionMask = 2147483647;
			files = (
				0846C50328AFF264007BFDE7 /* LaunchScreen.storyboard in Resources */,
				0846C50028AFF264007BFDE7 /* Assets.xcassets in Resources */,
				0846C4FE28AFF261007BFDE7 /* Main.storyboard in Resources */,
			);
			runOnlyForDeploymentPostprocessing = 0;
		};
/* End PBXResourcesBuildPhase section */

/* Begin PBXShellScriptBuildPhase section */
		BDF8BCC953F795CA148823D9 /* [CP] Embed Pods Frameworks */ = {
			isa = PBXShellScriptBuildPhase;
			buildActionMask = 2147483647;
			files = (
			);
			inputFileListPaths = (
				"${PODS_ROOT}/Target Support Files/Pods-PlacesVisitApp/Pods-PlacesVisitApp-frameworks-${CONFIGURATION}-input-files.xcfilelist",
			);
			name = "[CP] Embed Pods Frameworks";
			outputFileListPaths = (
				"${PODS_ROOT}/Target Support Files/Pods-PlacesVisitApp/Pods-PlacesVisitApp-frameworks-${CONFIGURATION}-output-files.xcfilelist",
			);
			runOnlyForDeploymentPostprocessing = 0;
			shellPath = /bin/sh;
			shellScript = "\"${PODS_ROOT}/Target Support Files/Pods-PlacesVisitApp/Pods-PlacesVisitApp-frameworks.sh\"\n";
			showEnvVarsInLog = 0;
		};
		C080644A2DF0DCB0E57D8F74 /* [CP] Check Pods Manifest.lock */ = {
			isa = PBXShellScriptBuildPhase;
			buildActionMask = 2147483647;
			files = (
			);
			inputFileListPaths = (
			);
			inputPaths = (
				"${PODS_PODFILE_DIR_PATH}/Podfile.lock",
				"${PODS_ROOT}/Manifest.lock",
			);
			name = "[CP] Check Pods Manifest.lock";
			outputFileListPaths = (
			);
			outputPaths = (
				"$(DERIVED_FILE_DIR)/Pods-PlacesVisitApp-checkManifestLockResult.txt",
			);
			runOnlyForDeploymentPostprocessing = 0;
			shellPath = /bin/sh;
			shellScript = "diff \"${PODS_PODFILE_DIR_PATH}/Podfile.lock\" \"${PODS_ROOT}/Manifest.lock\" > /dev/null\nif [ $? != 0 ] ; then\n    # print error to STDERR\n    echo \"error: The sandbox is not in sync with the Podfile.lock. Run 'pod install' or update your CocoaPods installation.\" >&2\n    exit 1\nfi\n# This output is used by Xcode 'outputs' to avoid re-running this script phase.\necho \"SUCCESS\" > \"${SCRIPT_OUTPUT_FILE_0}\"\n";
			showEnvVarsInLog = 0;
		};
/* End PBXShellScriptBuildPhase section */

/* Begin PBXSourcesBuildPhase section */
		0846C4EF28AFF261007BFDE7 /* Sources */ = {
			isa = PBXSourcesBuildPhase;
			buildActionMask = 2147483647;
			files = (
				0861936D28B017C100688A97 /* AddPlaceViewController.swift in Sources */,
				0875155728B028030027BAAF /* PlaceModel.swift in Sources */,
				0861936F28B01AD500688A97 /* MapViewController.swift in Sources */,
				0846C51128B005FF007BFDE7 /* PlacesViewController.swift in Sources */,
				0846C4FB28AFF261007BFDE7 /* SignUpVC.swift in Sources */,
				0875155328B021BE0027BAAF /* DetailsViewController.swift in Sources */,
				0846C4F728AFF261007BFDE7 /* AppDelegate.swift in Sources */,
				0846C4F928AFF261007BFDE7 /* SceneDelegate.swift in Sources */,
			);
			runOnlyForDeploymentPostprocessing = 0;
		};
/* End PBXSourcesBuildPhase section */

/* Begin PBXVariantGroup section */
		0846C4FC28AFF261007BFDE7 /* Main.storyboard */ = {
			isa = PBXVariantGroup;
			children = (
				0846C4FD28AFF261007BFDE7 /* Base */,
			);
			name = Main.storyboard;
			sourceTree = "<group>";
		};
		0846C50128AFF264007BFDE7 /* LaunchScreen.storyboard */ = {
			isa = PBXVariantGroup;
			children = (
				0846C50228AFF264007BFDE7 /* Base */,
			);
			name = LaunchScreen.storyboard;
			sourceTree = "<group>";
		};
/* End PBXVariantGroup section */

/* Begin XCBuildConfiguration section */
		0846C50528AFF264007BFDE7 /* Debug */ = {
			isa = XCBuildConfiguration;
			buildSettings = {
				ALWAYS_SEARCH_USER_PATHS = NO;
				CLANG_ANALYZER_NONNULL = YES;
				CLANG_ANALYZER_NUMBER_OBJECT_CONVERSION = YES_AGGRESSIVE;
				CLANG_CXX_LANGUAGE_STANDARD = "gnu++17";
				CLANG_ENABLE_MODULES = YES;
				CLANG_ENABLE_OBJC_ARC = YES;
				CLANG_ENABLE_OBJC_WEAK = YES;
				CLANG_WARN_BLOCK_CAPTURE_AUTORELEASING = YES;
				CLANG_WARN_BOOL_CONVERSION = YES;
				CLANG_WARN_COMMA = YES;
				CLANG_WARN_CONSTANT_CONVERSION = YES;
				CLANG_WARN_DEPRECATED_OBJC_IMPLEMENTATIONS = YES;
				CLANG_WARN_DIRECT_OBJC_ISA_USAGE = YES_ERROR;
				CLANG_WARN_DOCUMENTATION_COMMENTS = YES;
				CLANG_WARN_EMPTY_BODY = YES;
				CLANG_WARN_ENUM_CONVERSION = YES;
				CLANG_WARN_INFINITE_RECURSION = YES;
				CLANG_WARN_INT_CONVERSION = YES;
				CLANG_WARN_NON_LITERAL_NULL_CONVERSION = YES;
				CLANG_WARN_OBJC_IMPLICIT_RETAIN_SELF = YES;
				CLANG_WARN_OBJC_LITERAL_CONVERSION = YES;
				CLANG_WARN_OBJC_ROOT_CLASS = YES_ERROR;
				CLANG_WARN_QUOTED_INCLUDE_IN_FRAMEWORK_HEADER = YES;
				CLANG_WARN_RANGE_LOOP_ANALYSIS = YES;
				CLANG_WARN_STRICT_PROTOTYPES = YES;
				CLANG_WARN_SUSPICIOUS_MOVE = YES;
				CLANG_WARN_UNGUARDED_AVAILABILITY = YES_AGGRESSIVE;
				CLANG_WARN_UNREACHABLE_CODE = YES;
				CLANG_WARN__DUPLICATE_METHOD_MATCH = YES;
				COPY_PHASE_STRIP = NO;
				DEBUG_INFORMATION_FORMAT = dwarf;
				ENABLE_STRICT_OBJC_MSGSEND = YES;
				ENABLE_TESTABILITY = YES;
				GCC_C_LANGUAGE_STANDARD = gnu11;
				GCC_DYNAMIC_NO_PIC = NO;
				GCC_NO_COMMON_BLOCKS = YES;
				GCC_OPTIMIZATION_LEVEL = 0;
				GCC_PREPROCESSOR_DEFINITIONS = (
					"DEBUG=1",
					"$(inherited)",
				);
				GCC_WARN_64_TO_32_BIT_CONVERSION = YES;
				GCC_WARN_ABOUT_RETURN_TYPE = YES_ERROR;
				GCC_WARN_UNDECLARED_SELECTOR = YES;
				GCC_WARN_UNINITIALIZED_AUTOS = YES_AGGRESSIVE;
				GCC_WARN_UNUSED_FUNCTION = YES;
				GCC_WARN_UNUSED_VARIABLE = YES;
				IPHONEOS_DEPLOYMENT_TARGET = 15.4;
				MTL_ENABLE_DEBUG_INFO = INCLUDE_SOURCE;
				MTL_FAST_MATH = YES;
				ONLY_ACTIVE_ARCH = YES;
				SDKROOT = iphoneos;
				SWIFT_ACTIVE_COMPILATION_CONDITIONS = DEBUG;
				SWIFT_OPTIMIZATION_LEVEL = "-Onone";
			};
			name = Debug;
		};
		0846C50628AFF264007BFDE7 /* Release */ = {
			isa = XCBuildConfiguration;
			buildSettings = {
				ALWAYS_SEARCH_USER_PATHS = NO;
				CLANG_ANALYZER_NONNULL = YES;
				CLANG_ANALYZER_NUMBER_OBJECT_CONVERSION = YES_AGGRESSIVE;
				CLANG_CXX_LANGUAGE_STANDARD = "gnu++17";
				CLANG_ENABLE_MODULES = YES;
				CLANG_ENABLE_OBJC_ARC = YES;
				CLANG_ENABLE_OBJC_WEAK = YES;
				CLANG_WARN_BLOCK_CAPTURE_AUTORELEASING = YES;
				CLANG_WARN_BOOL_CONVERSION = YES;
				CLANG_WARN_COMMA = YES;
				CLANG_WARN_CONSTANT_CONVERSION = YES;
				CLANG_WARN_DEPRECATED_OBJC_IMPLEMENTATIONS = YES;
				CLANG_WARN_DIRECT_OBJC_ISA_USAGE = YES_ERROR;
				CLANG_WARN_DOCUMENTATION_COMMENTS = YES;
				CLANG_WARN_EMPTY_BODY = YES;
				CLANG_WARN_ENUM_CONVERSION = YES;
				CLANG_WARN_INFINITE_RECURSION = YES;
				CLANG_WARN_INT_CONVERSION = YES;
				CLANG_WARN_NON_LITERAL_NULL_CONVERSION = YES;
				CLANG_WARN_OBJC_IMPLICIT_RETAIN_SELF = YES;
				CLANG_WARN_OBJC_LITERAL_CONVERSION = YES;
				CLANG_WARN_OBJC_ROOT_CLASS = YES_ERROR;
				CLANG_WARN_QUOTED_INCLUDE_IN_FRAMEWORK_HEADER = YES;
				CLANG_WARN_RANGE_LOOP_ANALYSIS = YES;
				CLANG_WARN_STRICT_PROTOTYPES = YES;
				CLANG_WARN_SUSPICIOUS_MOVE = YES;
				CLANG_WARN_UNGUARDED_AVAILABILITY = YES_AGGRESSIVE;
				CLANG_WARN_UNREACHABLE_CODE = YES;
				CLANG_WARN__DUPLICATE_METHOD_MATCH = YES;
				COPY_PHASE_STRIP = NO;
				DEBUG_INFORMATION_FORMAT = "dwarf-with-dsym";
				ENABLE_NS_ASSERTIONS = NO;
				ENABLE_STRICT_OBJC_MSGSEND = YES;
				GCC_C_LANGUAGE_STANDARD = gnu11;
				GCC_NO_COMMON_BLOCKS = YES;
				GCC_WARN_64_TO_32_BIT_CONVERSION = YES;
				GCC_WARN_ABOUT_RETURN_TYPE = YES_ERROR;
				GCC_WARN_UNDECLARED_SELECTOR = YES;
				GCC_WARN_UNINITIALIZED_AUTOS = YES_AGGRESSIVE;
				GCC_WARN_UNUSED_FUNCTION = YES;
				GCC_WARN_UNUSED_VARIABLE = YES;
				IPHONEOS_DEPLOYMENT_TARGET = 15.4;
				MTL_ENABLE_DEBUG_INFO = NO;
				MTL_FAST_MATH = YES;
				SDKROOT = iphoneos;
				SWIFT_COMPILATION_MODE = wholemodule;
				SWIFT_OPTIMIZATION_LEVEL = "-O";
				VALIDATE_PRODUCT = YES;
			};
			name = Release;
		};
		0846C50828AFF264007BFDE7 /* Debug */ = {
			isa = XCBuildConfiguration;
			baseConfigurationReference = 41927C6B83B814FCD7A135DD /* Pods-PlacesVisitApp.debug.xcconfig */;
			buildSettings = {
				ASSETCATALOG_COMPILER_APPICON_NAME = AppIcon;
				ASSETCATALOG_COMPILER_GLOBAL_ACCENT_COLOR_NAME = AccentColor;
				CODE_SIGN_STYLE = Automatic;
				CURRENT_PROJECT_VERSION = 1;
				DEVELOPMENT_TEAM = CFVDGKJNN6;
				GENERATE_INFOPLIST_FILE = YES;
				INFOPLIST_FILE = PlacesVisitApp/Info.plist;
				INFOPLIST_KEY_UIApplicationSupportsIndirectInputEvents = YES;
				INFOPLIST_KEY_UILaunchStoryboardName = LaunchScreen;
				INFOPLIST_KEY_UIMainStoryboardFile = Main;
				INFOPLIST_KEY_UISupportedInterfaceOrientations_iPad = "UIInterfaceOrientationPortrait UIInterfaceOrientationPortraitUpsideDown UIInterfaceOrientationLandscapeLeft UIInterfaceOrientationLandscapeRight";
				INFOPLIST_KEY_UISupportedInterfaceOrientations_iPhone = "UIInterfaceOrientationPortrait UIInterfaceOrientationLandscapeLeft UIInterfaceOrientationLandscapeRight";
				LD_RUNPATH_SEARCH_PATHS = (
					"$(inherited)",
					"@executable_path/Frameworks",
				);
				MARKETING_VERSION = 1.0;
				PRODUCT_BUNDLE_IDENTIFIER = com.mustafacicek.PlacesVisitApp;
				PRODUCT_NAME = "$(TARGET_NAME)";
				SWIFT_EMIT_LOC_STRINGS = YES;
				SWIFT_VERSION = 5.0;
				TARGETED_DEVICE_FAMILY = "1,2";
			};
			name = Debug;
		};
		0846C50928AFF264007BFDE7 /* Release */ = {
			isa = XCBuildConfiguration;
			baseConfigurationReference = 2D8851D5BC66DD0EF20D92E6 /* Pods-PlacesVisitApp.release.xcconfig */;
			buildSettings = {
				ASSETCATALOG_COMPILER_APPICON_NAME = AppIcon;
				ASSETCATALOG_COMPILER_GLOBAL_ACCENT_COLOR_NAME = AccentColor;
				CODE_SIGN_STYLE = Automatic;
				CURRENT_PROJECT_VERSION = 1;
				DEVELOPMENT_TEAM = CFVDGKJNN6;
				GENERATE_INFOPLIST_FILE = YES;
				INFOPLIST_FILE = PlacesVisitApp/Info.plist;
				INFOPLIST_KEY_UIApplicationSupportsIndirectInputEvents = YES;
				INFOPLIST_KEY_UILaunchStoryboardName = LaunchScreen;
				INFOPLIST_KEY_UIMainStoryboardFile = Main;
				INFOPLIST_KEY_UISupportedInterfaceOrientations_iPad = "UIInterfaceOrientationPortrait UIInterfaceOrientationPortraitUpsideDown UIInterfaceOrientationLandscapeLeft UIInterfaceOrientationLandscapeRight";
				INFOPLIST_KEY_UISupportedInterfaceOrientations_iPhone = "UIInterfaceOrientationPortrait UIInterfaceOrientationLandscapeLeft UIInterfaceOrientationLandscapeRight";
				LD_RUNPATH_SEARCH_PATHS = (
					"$(inherited)",
					"@executable_path/Frameworks",
				);
				MARKETING_VERSION = 1.0;
				PRODUCT_BUNDLE_IDENTIFIER = com.mustafacicek.PlacesVisitApp;
				PRODUCT_NAME = "$(TARGET_NAME)";
				SWIFT_EMIT_LOC_STRINGS = YES;
				SWIFT_VERSION = 5.0;
				TARGETED_DEVICE_FAMILY = "1,2";
			};
			name = Release;
		};
/* End XCBuildConfiguration section */

/* Begin XCConfigurationList section */
		0846C4EE28AFF261007BFDE7 /* Build configuration list for PBXProject "PlacesVisitApp" */ = {
			isa = XCConfigurationList;
			buildConfigurations = (
				0846C50528AFF264007BFDE7 /* Debug */,
				0846C50628AFF264007BFDE7 /* Release */,
			);
			defaultConfigurationIsVisible = 0;
			defaultConfigurationName = Release;
		};
		0846C50728AFF264007BFDE7 /* Build configuration list for PBXNativeTarget "PlacesVisitApp" */ = {
			isa = XCConfigurationList;
			buildConfigurations = (
				0846C50828AFF264007BFDE7 /* Debug */,
				0846C50928AFF264007BFDE7 /* Release */,
			);
			defaultConfigurationIsVisible = 0;
			defaultConfigurationName = Release;
		};
/* End XCConfigurationList section */

/* Begin XCRemoteSwiftPackageReference section */
		0846C50A28AFF481007BFDE7 /* XCRemoteSwiftPackageReference "Parse-Swift" */ = {
			isa = XCRemoteSwiftPackageReference;
			repositoryURL = "https://github.com/parse-community/Parse-Swift.git";
			requirement = {
				kind = upToNextMajorVersion;
				minimumVersion = 4.0.0;
			};
		};
/* End XCRemoteSwiftPackageReference section */

/* Begin XCSwiftPackageProductDependency section */
		0846C50B28AFF481007BFDE7 /* ParseSwift */ = {
			isa = XCSwiftPackageProductDependency;
			package = 0846C50A28AFF481007BFDE7 /* XCRemoteSwiftPackageReference "Parse-Swift" */;
			productName = ParseSwift;
		};
/* End XCSwiftPackageProductDependency section */
	};
	rootObject = 0846C4EB28AFF261007BFDE7 /* Project object */;
}
